
Microsoft Visual Studio Solution File, Format Version 12.00
# Visual Studio Version 16
VisualStudioVersion = 16.0.32002.261
MinimumVisualStudioVersion = 10.0.40219.1
Project("{FAE04EC0-301F-11D3-BF4B-00C04F79EFBC}") = "ResimGaleri", "ResimGaleri\ResimGaleri.csproj", "{470531D7-DD18-46CC-8F50-601CCDD3D606}"
EndProject
Project("{FAE04EC0-301F-11D3-BF4B-00C04F79EFBC}") = "ResimGaleri.ORM", "ResimGaleri.ORM\ResimGaleri.ORM.csproj", "{16437041-FA0C-40B3-9501-7A2BB18CF430}"
EndProject
Global
	GlobalSection(SolutionConfigurationPlatforms) = preSolution
		Debug|Any CPU = Debug|Any CPU
		Release|Any CPU = Release|Any CPU
	EndGlobalSection
	GlobalSection(ProjectConfigurationPlatforms) = postSolution
		{470531D7-DD18-46CC-8F50-601CCDD3D606}.Debug|Any CPU.ActiveCfg = Debug|Any CPU
		{470531D7-DD18-46CC-8F50-601CCDD3D606}.Debug|Any CPU.Build.0 = Debug|Any CPU
		{470531D7-DD18-46CC-8F50-601CCDD3D606}.Release|Any CPU.ActiveCfg = Release|Any CPU
		{470531D7-DD18-46CC-8F50-601CCDD3D606}.Release|Any CPU.Build.0 = Release|Any CPU
		{16437041-FA0C-40B3-9501-7A2BB18CF430}.Debug|Any CPU.ActiveCfg = Debug|Any CPU
		{16437041-FA0C-40B3-9501-7A2BB18CF430}.Debug|Any CPU.Build.0 = Debug|Any CPU
		{16437041-FA0C-40B3-9501-7A2BB18CF430}.Release|Any CPU.ActiveCfg = Release|Any CPU
		{16437041-FA0C-40B3-9501-7A2BB18CF430}.Release|Any CPU.Build.0 = Release|Any CPU
	EndGlobalSection
	GlobalSection(SolutionProperties) = preSolution
		HideSolutionNode = FALSE
	EndGlobalSection
	GlobalSection(ExtensibilityGlobals) = postSolution
		SolutionGuid = {B28022DE-81AC-4717-B551-BC56150E3D3E}
	EndGlobalSection
EndGlobal
